
Microsoft Visual Studio Solution File, Format Version 12.00
# Visual Studio Version 17
VisualStudioVersion = 17.5.33502.453
MinimumVisualStudioVersion = 10.0.40219.1
Project("{FAE04EC0-301F-11D3-BF4B-00C04F79EFBC}") = "feb27_2024_csharp_review", "feb27_2024_csharp_review\feb27_2024_csharp_review.csproj", "{63C07F8D-E9D8-4FA2-B99B-810A05AD0292}"
EndProject
Global
	GlobalSection(SolutionConfigurationPlatforms) = preSolution
		Debug|Any CPU = Debug|Any CPU
		Release|Any CPU = Release|Any CPU
	EndGlobalSection
	GlobalSection(ProjectConfigurationPlatforms) = postSolution
		{63C07F8D-E9D8-4FA2-B99B-810A05AD0292}.Debug|Any CPU.ActiveCfg = Debug|Any CPU
		{63C07F8D-E9D8-4FA2-B99B-810A05AD0292}.Debug|Any CPU.Build.0 = Debug|Any CPU
		{63C07F8D-E9D8-4FA2-B99B-810A05AD0292}.Release|Any CPU.ActiveCfg = Release|Any CPU
		{63C07F8D-E9D8-4FA2-B99B-810A05AD0292}.Release|Any CPU.Build.0 = Release|Any CPU
	EndGlobalSection
	GlobalSection(SolutionProperties) = preSolution
		HideSolutionNode = FALSE
	EndGlobalSection
	GlobalSection(ExtensibilityGlobals) = postSolution
		SolutionGuid = {455A99F9-DE92-4F38-AF4C-DD5CAFC5D784}
	EndGlobalSection
EndGlobal
